
Microsoft Visual Studio Solution File, Format Version 12.00
# Visual Studio 2012
Project("{FAE04EC0-301F-11D3-BF4B-00C04F79EFBC}") = "Roc.Data", "Roc.Data\Roc.Data.csproj", "{FCC28E24-7EF9-478A-8F52-08BFA96D97C0}"
EndProject
Project("{FAE04EC0-301F-11D3-BF4B-00C04F79EFBC}") = "Roc.Data.Test", "Roc.Data.Test\Roc.Data.Test.csproj", "{2A3D0865-B1D4-4F86-B3C0-E31E66AB403B}"
EndProject
Global
	GlobalSection(SolutionConfigurationPlatforms) = preSolution
		Debug|Any CPU = Debug|Any CPU
		Release|Any CPU = Release|Any CPU
	EndGlobalSection
	GlobalSection(ProjectConfigurationPlatforms) = postSolution
		{FCC28E24-7EF9-478A-8F52-08BFA96D97C0}.Debug|Any CPU.ActiveCfg = Debug|Any CPU
		{FCC28E24-7EF9-478A-8F52-08BFA96D97C0}.Debug|Any CPU.Build.0 = Debug|Any CPU
		{FCC28E24-7EF9-478A-8F52-08BFA96D97C0}.Release|Any CPU.ActiveCfg = Release|Any CPU
		{FCC28E24-7EF9-478A-8F52-08BFA96D97C0}.Release|Any CPU.Build.0 = Release|Any CPU
		{2A3D0865-B1D4-4F86-B3C0-E31E66AB403B}.Debug|Any CPU.ActiveCfg = Debug|Any CPU
		{2A3D0865-B1D4-4F86-B3C0-E31E66AB403B}.Debug|Any CPU.Build.0 = Debug|Any CPU
		{2A3D0865-B1D4-4F86-B3C0-E31E66AB403B}.Release|Any CPU.ActiveCfg = Release|Any CPU
		{2A3D0865-B1D4-4F86-B3C0-E31E66AB403B}.Release|Any CPU.Build.0 = Release|Any CPU
	EndGlobalSection
	GlobalSection(SolutionProperties) = preSolution
		HideSolutionNode = FALSE
	EndGlobalSection
EndGlobal
